
Microsoft Visual Studio Solution File, Format Version 12.00
# Visual Studio Version 17
VisualStudioVersion = 17.3.32804.467
MinimumVisualStudioVersion = 10.0.40219.1
Project("{9A19103F-16F7-4668-BE54-9A1E7A4F7556}") = "api", "api.csproj", "{1530274B-64EC-4BBA-9613-FA32D1711B3F}"
EndProject
Global
	GlobalSection(SolutionConfigurationPlatforms) = preSolution
		Debug|Any CPU = Debug|Any CPU
		Release|Any CPU = Release|Any CPU
	EndGlobalSection
	GlobalSection(ProjectConfigurationPlatforms) = postSolution
		{1530274B-64EC-4BBA-9613-FA32D1711B3F}.Debug|Any CPU.ActiveCfg = Debug|Any CPU
		{1530274B-64EC-4BBA-9613-FA32D1711B3F}.Debug|Any CPU.Build.0 = Debug|Any CPU
		{1530274B-64EC-4BBA-9613-FA32D1711B3F}.Release|Any CPU.ActiveCfg = Release|Any CPU
		{1530274B-64EC-4BBA-9613-FA32D1711B3F}.Release|Any CPU.Build.0 = Release|Any CPU
	EndGlobalSection
	GlobalSection(SolutionProperties) = preSolution
		HideSolutionNode = FALSE
	EndGlobalSection
	GlobalSection(ExtensibilityGlobals) = postSolution
		SolutionGuid = {5222ABD3-8320-4283-AFC0-FB6F30DBD47F}
	EndGlobalSection
EndGlobal
